// !$*UTF8*$!
{
	archiveVersion = 1;
	classes = {
	};
	objectVersion = 46;
	objects = {

/* Begin PBXBuildFile section */
		467178F71F7BA9B500B6149A /* AppDelegate.swift in Sources */ = {isa = PBXBuildFile; fileRef = 467178F61F7BA9B500B6149A /* AppDelegate.swift */; };
		467178FC1F7BA9B500B6149A /* Main.storyboard in Resources */ = {isa = PBXBuildFile; fileRef = 467178FA1F7BA9B500B6149A /* Main.storyboard */; };
		467178FE1F7BA9B500B6149A /* Assets.xcassets in Resources */ = {isa = PBXBuildFile; fileRef = 467178FD1F7BA9B500B6149A /* Assets.xcassets */; };
		467179011F7BA9B500B6149A /* LaunchScreen.storyboard in Resources */ = {isa = PBXBuildFile; fileRef = 467178FF1F7BA9B500B6149A /* LaunchScreen.storyboard */; };
		4671790A1F7BAA0F00B6149A /* Product.swift in Sources */ = {isa = PBXBuildFile; fileRef = 467179091F7BAA0F00B6149A /* Product.swift */; };
		4671790C1F7BACB400B6149A /* ProductLine.swift in Sources */ = {isa = PBXBuildFile; fileRef = 4671790B1F7BACB400B6149A /* ProductLine.swift */; };
		4688FFD71F84DFCE00E59267 /* ProductTableViewCell.swift in Sources */ = {isa = PBXBuildFile; fileRef = 4688FFD61F84DFCE00E59267 /* ProductTableViewCell.swift */; };
		46FAA3461F7FC5B5003896E4 /* ProductListViewController.swift in Sources */ = {isa = PBXBuildFile; fileRef = 46FAA3451F7FC5B5003896E4 /* ProductListViewController.swift */; };
		46FD55CD1F91F36F0060939B /* ProducDetailViewController.swift in Sources */ = {isa = PBXBuildFile; fileRef = 46FD55CC1F91F36F0060939B /* ProducDetailViewController.swift */; };
/* End PBXBuildFile section */

/* Begin PBXFileReference section */
		467178F31F7BA9B500B6149A /* AppleProducts.app */ = {isa = PBXFileReference; explicitFileType = wrapper.application; includeInIndex = 0; path = AppleProducts.app; sourceTree = BUILT_PRODUCTS_DIR; };
		467178F61F7BA9B500B6149A /* AppDelegate.swift */ = {isa = PBXFileReference; lastKnownFileType = sourcecode.swift; path = AppDelegate.swift; sourceTree = "<group>"; };
		467178FB1F7BA9B500B6149A /* Base */ = {isa = PBXFileReference; lastKnownFileType = file.storyboard; name = Base; path = Base.lproj/Main.storyboard; sourceTree = "<group>"; };
		467178FD1F7BA9B500B6149A /* Assets.xcassets */ = {isa = PBXFileReference; lastKnownFileType = folder.assetcatalog; path = Assets.xcassets; sourceTree = "<group>"; };
		467179001F7BA9B500B6149A /* Base */ = {isa = PBXFileReference; lastKnownFileType = file.storyboard; name = Base; path = Base.lproj/LaunchScreen.storyboard; sourceTree = "<group>"; };
		467179021F7BA9B500B6149A /* Info.plist */ = {isa = PBXFileReference; lastKnownFileType = text.plist.xml; path = Info.plist; sourceTree = "<group>"; };
		467179091F7BAA0F00B6149A /* Product.swift */ = {isa = PBXFileReference; fileEncoding = 4; lastKnownFileType = sourcecode.swift; path = Product.swift; sourceTree = "<group>"; };
		4671790B1F7BACB400B6149A /* ProductLine.swift */ = {isa = PBXFileReference; fileEncoding = 4; lastKnownFileType = sourcecode.swift; path = ProductLine.swift; sourceTree = "<group>"; };
		4688FFD61F84DFCE00E59267 /* ProductTableViewCell.swift */ = {isa = PBXFileReference; fileEncoding = 4; lastKnownFileType = sourcecode.swift; path = ProductTableViewCell.swift; sourceTree = "<group>"; };
		46FAA3451F7FC5B5003896E4 /* ProductListViewController.swift */ = {isa = PBXFileReference; fileEncoding = 4; lastKnownFileType = sourcecode.swift; path = ProductListViewController.swift; sourceTree = "<group>"; };
		46FD55CC1F91F36F0060939B /* ProducDetailViewController.swift */ = {isa = PBXFileReference; fileEncoding = 4; lastKnownFileType = sourcecode.swift; path = ProducDetailViewController.swift; sourceTree = "<group>"; };
/* End PBXFileReference section */

/* Begin PBXFrameworksBuildPhase section */
		467178F01F7BA9B500B6149A /* Frameworks */ = {
			isa = PBXFrameworksBuildPhase;
			buildActionMask = 2147483647;
			files = (
			);
			runOnlyForDeploymentPostprocessing = 0;
		};
/* End PBXFrameworksBuildPhase section */

/* Begin PBXGroup section */
		467178EA1F7BA9B500B6149A = {
			isa = PBXGroup;
			children = (
				467178F51F7BA9B500B6149A /* AppleProducts */,
				467178F41F7BA9B500B6149A /* Products */,
			);
			sourceTree = "<group>";
		};
		467178F41F7BA9B500B6149A /* Products */ = {
			isa = PBXGroup;
			children = (
				467178F31F7BA9B500B6149A /* AppleProducts.app */,
			);
			name = Products;
			sourceTree = "<group>";
		};
		467178F51F7BA9B500B6149A /* AppleProducts */ = {
			isa = PBXGroup;
			children = (
				4688FFDA1F84E00900E59267 /* Views */,
				4688FFD91F84DFFD00E59267 /* Controllers */,
				467179081F7BA9EF00B6149A /* Model */,
				467178F61F7BA9B500B6149A /* AppDelegate.swift */,
				467178FD1F7BA9B500B6149A /* Assets.xcassets */,
				467178FF1F7BA9B500B6149A /* LaunchScreen.storyboard */,
				467179021F7BA9B500B6149A /* Info.plist */,
			);
			path = AppleProducts;
			sourceTree = "<group>";
		};
		467179081F7BA9EF00B6149A /* Model */ = {
			isa = PBXGroup;
			children = (
				467179091F7BAA0F00B6149A /* Product.swift */,
				4671790B1F7BACB400B6149A /* ProductLine.swift */,
			);
			name = Model;
			sourceTree = "<group>";
		};
		4688FFD91F84DFFD00E59267 /* Controllers */ = {
			isa = PBXGroup;
			children = (
				46FAA3451F7FC5B5003896E4 /* ProductListViewController.swift */,
				46FD55CC1F91F36F0060939B /* ProducDetailViewController.swift */,
			);
			name = Controllers;
			sourceTree = "<group>";
		};
		4688FFDA1F84E00900E59267 /* Views */ = {
			isa = PBXGroup;
			children = (
				467178FA1F7BA9B500B6149A /* Main.storyboard */,
				4688FFD61F84DFCE00E59267 /* ProductTableViewCell.swift */,
			);
			name = Views;
			sourceTree = "<group>";
		};
/* End PBXGroup section */

/* Begin PBXNativeTarget section */
		467178F21F7BA9B500B6149A /* AppleProducts */ = {
			isa = PBXNativeTarget;
			buildConfigurationList = 467179051F7BA9B500B6149A /* Build configuration list for PBXNativeTarget "AppleProducts" */;
			buildPhases = (
				467178EF1F7BA9B500B6149A /* Sources */,
				467178F01F7BA9B500B6149A /* Frameworks */,
				467178F11F7BA9B500B6149A /* Resources */,
			);
			buildRules = (
			);
			dependencies = (
			);
			name = AppleProducts;
			productName = AppleProducts;
			productReference = 467178F31F7BA9B500B6149A /* AppleProducts.app */;
			productType = "com.apple.product-type.application";
		};
/* End PBXNativeTarget section */

/* Begin PBXProject section */
		467178EB1F7BA9B500B6149A /* Project object */ = {
			isa = PBXProject;
			attributes = {
				LastSwiftUpdateCheck = 0810;
				LastUpgradeCheck = 0810;
				ORGANIZATIONNAME = Ikhsan;
				TargetAttributes = {
					467178F21F7BA9B500B6149A = {
						CreatedOnToolsVersion = 8.1;
						DevelopmentTeam = 4PGL8ZFAU4;
						ProvisioningStyle = Automatic;
					};
				};
			};
			buildConfigurationList = 467178EE1F7BA9B500B6149A /* Build configuration list for PBXProject "AppleProducts" */;
			compatibilityVersion = "Xcode 3.2";
			developmentRegion = English;
			hasScannedForEncodings = 0;
			knownRegions = (
				en,
				Base,
			);
			mainGroup = 467178EA1F7BA9B500B6149A;
			productRefGroup = 467178F41F7BA9B500B6149A /* Products */;
			projectDirPath = "";
			projectRoot = "";
			targets = (
				467178F21F7BA9B500B6149A /* AppleProducts */,
			);
		};
/* End PBXProject section */

/* Begin PBXResourcesBuildPhase section */
		467178F11F7BA9B500B6149A /* Resources */ = {
			isa = PBXResourcesBuildPhase;
			buildActionMask = 2147483647;
			files = (
				467179011F7BA9B500B6149A /* LaunchScreen.storyboard in Resources */,
				467178FE1F7BA9B500B6149A /* Assets.xcassets in Resources */,
				467178FC1F7BA9B500B6149A /* Main.storyboard in Resources */,
			);
			runOnlyForDeploymentPostprocessing = 0;
		};
/* End PBXResourcesBuildPhase section */

/* Begin PBXSourcesBuildPhase section */
		467178EF1F7BA9B500B6149A /* Sources */ = {
			isa = PBXSourcesBuildPhase;
			buildActionMask = 2147483647;
			files = (
				4671790C1F7BACB400B6149A /* ProductLine.swift in Sources */,
				46FAA3461F7FC5B5003896E4 /* ProductListViewController.swift in Sources */,
				46FD55CD1F91F36F0060939B /* ProducDetailViewController.swift in Sources */,
				467178F71F7BA9B500B6149A /* AppDelegate.swift in Sources */,
				4671790A1F7BAA0F00B6149A /* Product.swift in Sources */,
				4688FFD71F84DFCE00E59267 /* ProductTableViewCell.swift in Sources */,
			);
			runOnlyForDeploymentPostprocessing = 0;
		};
/* End PBXSourcesBuildPhase section */

/* Begin PBXVariantGroup section */
		467178FA1F7BA9B500B6149A /* Main.storyboard */ = {
			isa = PBXVariantGroup;
			children = (
				467178FB1F7BA9B500B6149A /* Base */,
			);
			name = Main.storyboard;
			sourceTree = "<group>";
		};
		467178FF1F7BA9B500B6149A /* LaunchScreen.storyboard */ = {
			isa = PBXVariantGroup;
			children = (
				467179001F7BA9B500B6149A /* Base */,
			);
			name = LaunchScreen.storyboard;
			sourceTree = "<group>";
		};
/* End PBXVariantGroup section */

/* Begin XCBuildConfiguration section */
		467179031F7BA9B500B6149A /* Debug */ = {
			isa = XCBuildConfiguration;
			buildSettings = {
				ALWAYS_SEARCH_USER_PATHS = NO;
				CLANG_ANALYZER_NONNULL = YES;
				CLANG_CXX_LANGUAGE_STANDARD = "gnu++0x";
				CLANG_CXX_LIBRARY = "libc++";
				CLANG_ENABLE_MODULES = YES;
				CLANG_ENABLE_OBJC_ARC = YES;
				CLANG_WARN_BOOL_CONVERSION = YES;
				CLANG_WARN_CONSTANT_CONVERSION = YES;
				CLANG_WARN_DIRECT_OBJC_ISA_USAGE = YES_ERROR;
				CLANG_WARN_DOCUMENTATION_COMMENTS = YES;
				CLANG_WARN_EMPTY_BODY = YES;
				CLANG_WARN_ENUM_CONVERSION = YES;
				CLANG_WARN_INFINITE_RECURSION = YES;
				CLANG_WARN_INT_CONVERSION = YES;
				CLANG_WARN_OBJC_ROOT_CLASS = YES_ERROR;
				CLANG_WARN_SUSPICIOUS_MOVES = YES;
				CLANG_WARN_UNREACHABLE_CODE = YES;
				CLANG_WARN__DUPLICATE_METHOD_MATCH = YES;
				"CODE_SIGN_IDENTITY[sdk=iphoneos*]" = "iPhone Developer";
				COPY_PHASE_STRIP = NO;
				DEBUG_INFORMATION_FORMAT = dwarf;
				ENABLE_STRICT_OBJC_MSGSEND = YES;
				ENABLE_TESTABILITY = YES;
				GCC_C_LANGUAGE_STANDARD = gnu99;
				GCC_DYNAMIC_NO_PIC = NO;
				GCC_NO_COMMON_BLOCKS = YES;
				GCC_OPTIMIZATION_LEVEL = 0;
				GCC_PREPROCESSOR_DEFINITIONS = (
					"DEBUG=1",
					"$(inherited)",
				);
				GCC_WARN_64_TO_32_BIT_CONVERSION = YES;
				GCC_WARN_ABOUT_RETURN_TYPE = YES_ERROR;
				GCC_WARN_UNDECLARED_SELECTOR = YES;
				GCC_WARN_UNINITIALIZED_AUTOS = YES_AGGRESSIVE;
				GCC_WARN_UNUSED_FUNCTION = YES;
				GCC_WARN_UNUSED_VARIABLE = YES;
				IPHONEOS_DEPLOYMENT_TARGET = 10.1;
				MTL_ENABLE_DEBUG_INFO = YES;
				ONLY_ACTIVE_ARCH = YES;
				SDKROOT = iphoneos;
				SWIFT_ACTIVE_COMPILATION_CONDITIONS = DEBUG;
				SWIFT_OPTIMIZATION_LEVEL = "-Onone";
			};
			name = Debug;
		};
		467179041F7BA9B500B6149A /* Release */ = {
			isa = XCBuildConfiguration;
			buildSettings = {
				ALWAYS_SEARCH_USER_PATHS = NO;
				CLANG_ANALYZER_NONNULL = YES;
				CLANG_CXX_LANGUAGE_STANDARD = "gnu++0x";
				CLANG_CXX_LIBRARY = "libc++";
				CLANG_ENABLE_MODULES = YES;
				CLANG_ENABLE_OBJC_ARC = YES;
				CLANG_WARN_BOOL_CONVERSION = YES;
				CLANG_WARN_CONSTANT_CONVERSION = YES;
				CLANG_WARN_DIRECT_OBJC_ISA_USAGE = YES_ERROR;
				CLANG_WARN_DOCUMENTATION_COMMENTS = YES;
				CLANG_WARN_EMPTY_BODY = YES;
				CLANG_WARN_ENUM_CONVERSION = YES;
				CLANG_WARN_INFINITE_RECURSION = YES;
				CLANG_WARN_INT_CONVERSION = YES;
				CLANG_WARN_OBJC_ROOT_CLASS = YES_ERROR;
				CLANG_WARN_SUSPICIOUS_MOVES = YES;
				CLANG_WARN_UNREACHABLE_CODE = YES;
				CLANG_WARN__DUPLICATE_METHOD_MATCH = YES;
				"CODE_SIGN_IDENTITY[sdk=iphoneos*]" = "iPhone Developer";
				COPY_PHASE_STRIP = NO;
				DEBUG_INFORMATION_FORMAT = "dwarf-with-dsym";
				ENABLE_NS_ASSERTIONS = NO;
				ENABLE_STRICT_OBJC_MSGSEND = YES;
				GCC_C_LANGUAGE_STANDARD = gnu99;
				GCC_NO_COMMON_BLOCKS = YES;
				GCC_WARN_64_TO_32_BIT_CONVERSION = YES;
				GCC_WARN_ABOUT_RETURN_TYPE = YES_ERROR;
				GCC_WARN_UNDECLARED_SELECTOR = YES;
				GCC_WARN_UNINITIALIZED_AUTOS = YES_AGGRESSIVE;
				GCC_WARN_UNUSED_FUNCTION = YES;
				GCC_WARN_UNUSED_VARIABLE = YES;
				IPHONEOS_DEPLOYMENT_TARGET = 10.1;
				MTL_ENABLE_DEBUG_INFO = NO;
				SDKROOT = iphoneos;
				SWIFT_OPTIMIZATION_LEVEL = "-Owholemodule";
				VALIDATE_PRODUCT = YES;
			};
			name = Release;
		};
		467179061F7BA9B500B6149A /* Debug */ = {
			isa = XCBuildConfiguration;
			buildSettings = {
				ASSETCATALOG_COMPILER_APPICON_NAME = AppIcon;
				DEVELOPMENT_TEAM = 4PGL8ZFAU4;
				INFOPLIST_FILE = AppleProducts/Info.plist;
				LD_RUNPATH_SEARCH_PATHS = "$(inherited) @executable_path/Frameworks";
				PRODUCT_BUNDLE_IDENTIFIER = com.ixsanlabs.AppleProducts;
				PRODUCT_NAME = "$(TARGET_NAME)";
				SWIFT_VERSION = 3.0;
			};
			name = Debug;
		};
		467179071F7BA9B500B6149A /* Release */ = {
			isa = XCBuildConfiguration;
			buildSettings = {
				ASSETCATALOG_COMPILER_APPICON_NAME = AppIcon;
				DEVELOPMENT_TEAM = 4PGL8ZFAU4;
				INFOPLIST_FILE = AppleProducts/Info.plist;
				LD_RUNPATH_SEARCH_PATHS = "$(inherited) @executable_path/Frameworks";
				PRODUCT_BUNDLE_IDENTIFIER = com.ixsanlabs.AppleProducts;
				PRODUCT_NAME = "$(TARGET_NAME)";
				SWIFT_VERSION = 3.0;
			};
			name = Release;
		};
/* End XCBuildConfiguration section */

/* Begin XCConfigurationList section */
		467178EE1F7BA9B500B6149A /* Build configuration list for PBXProject "AppleProducts" */ = {
			isa = XCConfigurationList;
			buildConfigurations = (
				467179031F7BA9B500B6149A /* Debug */,
				467179041F7BA9B500B6149A /* Release */,
			);
			defaultConfigurationIsVisible = 0;
			defaultConfigurationName = Release;
		};
		467179051F7BA9B500B6149A /* Build configuration list for PBXNativeTarget "AppleProducts" */ = {
			isa = XCConfigurationList;
			buildConfigurations = (
				467179061F7BA9B500B6149A /* Debug */,
				467179071F7BA9B500B6149A /* Release */,
			);
			defaultConfigurationIsVisible = 0;
			defaultConfigurationName = Release;
		};
/* End XCConfigurationList section */
	};
	rootObject = 467178EB1F7BA9B500B6149A /* Project object */;
}
